
Microsoft Visual Studio Solution File, Format Version 12.00
# Visual Studio Version 17
VisualStudioVersion = 17.1.32414.318
MinimumVisualStudioVersion = 10.0.40219.1
Project("{9A19103F-16F7-4668-BE54-9A1E7A4F7556}") = "Screensaver", "Screensaver.csproj", "{EFF69E39-0EDD-4431-8561-6BA68A06E4DC}"
EndProject
Global
	GlobalSection(SolutionConfigurationPlatforms) = preSolution
		Debug|Any CPU = Debug|Any CPU
		Release|Any CPU = Release|Any CPU
	EndGlobalSection
	GlobalSection(ProjectConfigurationPlatforms) = postSolution
		{EFF69E39-0EDD-4431-8561-6BA68A06E4DC}.Debug|Any CPU.ActiveCfg = Debug|Any CPU
		{EFF69E39-0EDD-4431-8561-6BA68A06E4DC}.Debug|Any CPU.Build.0 = Debug|Any CPU
		{EFF69E39-0EDD-4431-8561-6BA68A06E4DC}.Release|Any CPU.ActiveCfg = Release|Any CPU
		{EFF69E39-0EDD-4431-8561-6BA68A06E4DC}.Release|Any CPU.Build.0 = Release|Any CPU
	EndGlobalSection
	GlobalSection(SolutionProperties) = preSolution
		HideSolutionNode = FALSE
	EndGlobalSection
	GlobalSection(ExtensibilityGlobals) = postSolution
		SolutionGuid = {165F9264-C6D3-4FED-B800-C0CE537DF1DD}
	EndGlobalSection
EndGlobal
